
Microsoft Visual Studio Solution File, Format Version 12.00
# Visual Studio Version 17
VisualStudioVersion = 17.11.35327.3
MinimumVisualStudioVersion = 10.0.40219.1
Project("{FAE04EC0-301F-11D3-BF4B-00C04F79EFBC}") = "ExcelSheetPractice.Api", "ExcelSheetPractice.Api\ExcelSheetPractice.Api.csproj", "{1878BA46-7871-4F13-A922-FF3D562F2CBC}"
EndProject
Global
	GlobalSection(SolutionConfigurationPlatforms) = preSolution
		Debug|Any CPU = Debug|Any CPU
		Release|Any CPU = Release|Any CPU
	EndGlobalSection
	GlobalSection(ProjectConfigurationPlatforms) = postSolution
		{1878BA46-7871-4F13-A922-FF3D562F2CBC}.Debug|Any CPU.ActiveCfg = Debug|Any CPU
		{1878BA46-7871-4F13-A922-FF3D562F2CBC}.Debug|Any CPU.Build.0 = Debug|Any CPU
		{1878BA46-7871-4F13-A922-FF3D562F2CBC}.Release|Any CPU.ActiveCfg = Release|Any CPU
		{1878BA46-7871-4F13-A922-FF3D562F2CBC}.Release|Any CPU.Build.0 = Release|Any CPU
	EndGlobalSection
	GlobalSection(SolutionProperties) = preSolution
		HideSolutionNode = FALSE
	EndGlobalSection
	GlobalSection(ExtensibilityGlobals) = postSolution
		SolutionGuid = {06949B85-D79D-4909-9D28-5BAAEE6BB76B}
	EndGlobalSection
EndGlobal
